
Microsoft Visual Studio Solution File, Format Version 12.00
# Visual Studio Version 17
VisualStudioVersion = 17.0.32014.148
MinimumVisualStudioVersion = 10.0.40219.1
Project("{8BC9CEB8-8B4A-11D0-8D11-00A0C91BC942}") = "Homework220112", "Homework220112\Homework220112.vcxproj", "{31214DB4-795E-458E-A308-871175CCBB5E}"
EndProject
Project("{8BC9CEB8-8B4A-11D0-8D11-00A0C91BC942}") = "Homework220113", "Homework220113\Homework220113.vcxproj", "{BF83351D-9763-4F6B-AB34-A8306B0C4DD2}"
EndProject
Project("{8BC9CEB8-8B4A-11D0-8D11-00A0C91BC942}") = "Homework220114", "Homework220114\Homework220114.vcxproj", "{803A4739-4E50-4351-8322-5E0CBE8B0DB7}"
EndProject
Project("{8BC9CEB8-8B4A-11D0-8D11-00A0C91BC942}") = "Homework220117", "Homework220117\Homework220117.vcxproj", "{0D637464-6FC0-424E-BA1D-22D863C57C39}"
EndProject
Project("{8BC9CEB8-8B4A-11D0-8D11-00A0C91BC942}") = "Homework220120", "Homework220120\Homework220120.vcxproj", "{33C9D44F-E9EF-4219-8A80-88C73E9F9042}"
EndProject
Project("{8BC9CEB8-8B4A-11D0-8D11-00A0C91BC942}") = "Homework", "Homework\Homework.vcxproj", "{F00F84C1-5060-4978-8CF7-122EC62F17A2}"
EndProject
Project("{8BC9CEB8-8B4A-11D0-8D11-00A0C91BC942}") = "Homework220126", "Homework220126\Homework220126.vcxproj", "{EF842C3C-312D-4A04-9DA7-4FB9E820417E}"
EndProject
Project("{8BC9CEB8-8B4A-11D0-8D11-00A0C91BC942}") = "Homework220207", "Homework220207\Homework220207.vcxproj", "{7F210DBC-EFC5-4046-BFED-6D11039948E7}"
EndProject
Project("{8BC9CEB8-8B4A-11D0-8D11-00A0C91BC942}") = "Homework220209", "Homework220209\Homework220209.vcxproj", "{42707109-8342-41F3-AE1B-DEBE87291078}"
EndProject
Project("{8BC9CEB8-8B4A-11D0-8D11-00A0C91BC942}") = "Homework220210", "Homework220210\Homework220210.vcxproj", "{681D95B6-D524-4130-839B-35FDD47B7060}"
EndProject
Project("{8BC9CEB8-8B4A-11D0-8D11-00A0C91BC942}") = "Homework220211", "Homework220211\Homework220211.vcxproj", "{E8133E9C-1BFF-4F2F-9AD2-5EF30668A0A7}"
EndProject
Project("{8BC9CEB8-8B4A-11D0-8D11-00A0C91BC942}") = "Homework220215", "Homework220215\Homework220215.vcxproj", "{406F162C-D9B1-411E-BDDA-447185869E8B}"
EndProject
Project("{8BC9CEB8-8B4A-11D0-8D11-00A0C91BC942}") = "Homework220221", "Homework220221\Homework220221.vcxproj", "{E038B329-F4D8-4915-AFEB-ED65834C39C8}"
EndProject
Project("{8BC9CEB8-8B4A-11D0-8D11-00A0C91BC942}") = "Homework220222", "Homework220222\Homework220222.vcxproj", "{1F42DD59-463C-4372-94B9-D354A8863E4B}"
EndProject
Project("{8BC9CEB8-8B4A-11D0-8D11-00A0C91BC942}") = "Homework220223", "Homework220223\Homework220223.vcxproj", "{CB1A791C-69AF-4BDD-A38D-AFFCACE45DD6}"
EndProject
Project("{8BC9CEB8-8B4A-11D0-8D11-00A0C91BC942}") = "Homework220224", "Homework220224\Homework220224.vcxproj", "{C7A55710-B6CD-471B-BAB7-0DBCA58120C4}"
EndProject
Project("{8BC9CEB8-8B4A-11D0-8D11-00A0C91BC942}") = "Homework220314", "Homework220314\Homework220314.vcxproj", "{1D6E29C5-3081-4447-8CC9-BD8ED30032EA}"
EndProject
Project("{8BC9CEB8-8B4A-11D0-8D11-00A0C91BC942}") = "Homework220523", "Homework220523\Homework220523.vcxproj", "{51E576CC-6C38-4EDA-9F2B-0B90A0319C1B}"
EndProject
Global
	GlobalSection(SolutionConfigurationPlatforms) = preSolution
		Debug|x64 = Debug|x64
		Debug|x86 = Debug|x86
		Release|x64 = Release|x64
		Release|x86 = Release|x86
	EndGlobalSection
	GlobalSection(ProjectConfigurationPlatforms) = postSolution
		{31214DB4-795E-458E-A308-871175CCBB5E}.Debug|x64.ActiveCfg = Debug|x64
		{31214DB4-795E-458E-A308-871175CCBB5E}.Debug|x64.Build.0 = Debug|x64
		{31214DB4-795E-458E-A308-871175CCBB5E}.Debug|x86.ActiveCfg = Debug|Win32
		{31214DB4-795E-458E-A308-871175CCBB5E}.Debug|x86.Build.0 = Debug|Win32
		{31214DB4-795E-458E-A308-871175CCBB5E}.Release|x64.ActiveCfg = Release|x64
		{31214DB4-795E-458E-A308-871175CCBB5E}.Release|x64.Build.0 = Release|x64
		{31214DB4-795E-458E-A308-871175CCBB5E}.Release|x86.ActiveCfg = Release|Win32
		{31214DB4-795E-458E-A308-871175CCBB5E}.Release|x86.Build.0 = Release|Win32
		{BF83351D-9763-4F6B-AB34-A8306B0C4DD2}.Debug|x64.ActiveCfg = Debug|x64
		{BF83351D-9763-4F6B-AB34-A8306B0C4DD2}.Debug|x64.Build.0 = Debug|x64
		{BF83351D-9763-4F6B-AB34-A8306B0C4DD2}.Debug|x86.ActiveCfg = Debug|Win32
		{BF83351D-9763-4F6B-AB34-A8306B0C4DD2}.Debug|x86.Build.0 = Debug|Win32
		{BF83351D-9763-4F6B-AB34-A8306B0C4DD2}.Release|x64.ActiveCfg = Release|x64
		{BF83351D-9763-4F6B-AB34-A8306B0C4DD2}.Release|x64.Build.0 = Release|x64
		{BF83351D-9763-4F6B-AB34-A8306B0C4DD2}.Release|x86.ActiveCfg = Release|Win32
		{BF83351D-9763-4F6B-AB34-A8306B0C4DD2}.Release|x86.Build.0 = Release|Win32
		{803A4739-4E50-4351-8322-5E0CBE8B0DB7}.Debug|x64.ActiveCfg = Debug|x64
		{803A4739-4E50-4351-8322-5E0CBE8B0DB7}.Debug|x64.Build.0 = Debug|x64
		{803A4739-4E50-4351-8322-5E0CBE8B0DB7}.Debug|x86.ActiveCfg = Debug|Win32
		{803A4739-4E50-4351-8322-5E0CBE8B0DB7}.Debug|x86.Build.0 = Debug|Win32
		{803A4739-4E50-4351-8322-5E0CBE8B0DB7}.Release|x64.ActiveCfg = Release|x64
		{803A4739-4E50-4351-8322-5E0CBE8B0DB7}.Release|x64.Build.0 = Release|x64
		{803A4739-4E50-4351-8322-5E0CBE8B0DB7}.Release|x86.ActiveCfg = Release|Win32
		{803A4739-4E50-4351-8322-5E0CBE8B0DB7}.Release|x86.Build.0 = Release|Win32
		{0D637464-6FC0-424E-BA1D-22D863C57C39}.Debug|x64.ActiveCfg = Debug|x64
		{0D637464-6FC0-424E-BA1D-22D863C57C39}.Debug|x64.Build.0 = Debug|x64
		{0D637464-6FC0-424E-BA1D-22D863C57C39}.Debug|x86.ActiveCfg = Debug|Win32
		{0D637464-6FC0-424E-BA1D-22D863C57C39}.Debug|x86.Build.0 = Debug|Win32
		{0D637464-6FC0-424E-BA1D-22D863C57C39}.Release|x64.ActiveCfg = Release|x64
		{0D637464-6FC0-424E-BA1D-22D863C57C39}.Release|x64.Build.0 = Release|x64
		{0D637464-6FC0-424E-BA1D-22D863C57C39}.Release|x86.ActiveCfg = Release|Win32
		{0D637464-6FC0-424E-BA1D-22D863C57C39}.Release|x86.Build.0 = Release|Win32
		{33C9D44F-E9EF-4219-8A80-88C73E9F9042}.Debug|x64.ActiveCfg = Debug|x64
		{33C9D44F-E9EF-4219-8A80-88C73E9F9042}.Debug|x64.Build.0 = Debug|x64
		{33C9D44F-E9EF-4219-8A80-88C73E9F9042}.Debug|x86.ActiveCfg = Debug|Win32
		{33C9D44F-E9EF-4219-8A80-88C73E9F9042}.Debug|x86.Build.0 = Debug|Win32
		{33C9D44F-E9EF-4219-8A80-88C73E9F9042}.Release|x64.ActiveCfg = Release|x64
		{33C9D44F-E9EF-4219-8A80-88C73E9F9042}.Release|x64.Build.0 = Release|x64
		{33C9D44F-E9EF-4219-8A80-88C73E9F9042}.Release|x86.ActiveCfg = Release|Win32
		{33C9D44F-E9EF-4219-8A80-88C73E9F9042}.Release|x86.Build.0 = Release|Win32
		{F00F84C1-5060-4978-8CF7-122EC62F17A2}.Debug|x64.ActiveCfg = Debug|x64
		{F00F84C1-5060-4978-8CF7-122EC62F17A2}.Debug|x64.Build.0 = Debug|x64
		{F00F84C1-5060-4978-8CF7-122EC62F17A2}.Debug|x86.ActiveCfg = Debug|Win32
		{F00F84C1-5060-4978-8CF7-122EC62F17A2}.Debug|x86.Build.0 = Debug|Win32
		{F00F84C1-5060-4978-8CF7-122EC62F17A2}.Release|x64.ActiveCfg = Release|x64
		{F00F84C1-5060-4978-8CF7-122EC62F17A2}.Release|x64.Build.0 = Release|x64
		{F00F84C1-5060-4978-8CF7-122EC62F17A2}.Release|x86.ActiveCfg = Release|Win32
		{F00F84C1-5060-4978-8CF7-122EC62F17A2}.Release|x86.Build.0 = Release|Win32
		{EF842C3C-312D-4A04-9DA7-4FB9E820417E}.Debug|x64.ActiveCfg = Debug|x64
		{EF842C3C-312D-4A04-9DA7-4FB9E820417E}.Debug|x64.Build.0 = Debug|x64
		{EF842C3C-312D-4A04-9DA7-4FB9E820417E}.Debug|x86.ActiveCfg = Debug|Win32
		{EF842C3C-312D-4A04-9DA7-4FB9E820417E}.Debug|x86.Build.0 = Debug|Win32
		{EF842C3C-312D-4A04-9DA7-4FB9E820417E}.Release|x64.ActiveCfg = Release|x64
		{EF842C3C-312D-4A04-9DA7-4FB9E820417E}.Release|x64.Build.0 = Release|x64
		{EF842C3C-312D-4A04-9DA7-4FB9E820417E}.Release|x86.ActiveCfg = Release|Win32
		{EF842C3C-312D-4A04-9DA7-4FB9E820417E}.Release|x86.Build.0 = Release|Win32
		{7F210DBC-EFC5-4046-BFED-6D11039948E7}.Debug|x64.ActiveCfg = Debug|x64
		{7F210DBC-EFC5-4046-BFED-6D11039948E7}.Debug|x64.Build.0 = Debug|x64
		{7F210DBC-EFC5-4046-BFED-6D11039948E7}.Debug|x86.ActiveCfg = Debug|Win32
		{7F210DBC-EFC5-4046-BFED-6D11039948E7}.Debug|x86.Build.0 = Debug|Win32
		{7F210DBC-EFC5-4046-BFED-6D11039948E7}.Release|x64.ActiveCfg = Release|x64
		{7F210DBC-EFC5-4046-BFED-6D11039948E7}.Release|x64.Build.0 = Release|x64
		{7F210DBC-EFC5-4046-BFED-6D11039948E7}.Release|x86.ActiveCfg = Release|Win32
		{7F210DBC-EFC5-4046-BFED-6D11039948E7}.Release|x86.Build.0 = Release|Win32
		{42707109-8342-41F3-AE1B-DEBE87291078}.Debug|x64.ActiveCfg = Debug|x64
		{42707109-8342-41F3-AE1B-DEBE87291078}.Debug|x64.Build.0 = Debug|x64
		{42707109-8342-41F3-AE1B-DEBE87291078}.Debug|x86.ActiveCfg = Debug|Win32
		{42707109-8342-41F3-AE1B-DEBE87291078}.Debug|x86.Build.0 = Debug|Win32
		{42707109-8342-41F3-AE1B-DEBE87291078}.Release|x64.ActiveCfg = Release|x64
		{42707109-8342-41F3-AE1B-DEBE87291078}.Release|x64.Build.0 = Release|x64
		{42707109-8342-41F3-AE1B-DEBE87291078}.Release|x86.ActiveCfg = Release|Win32
		{42707109-8342-41F3-AE1B-DEBE87291078}.Release|x86.Build.0 = Release|Win32
		{681D95B6-D524-4130-839B-35FDD47B7060}.Debug|x64.ActiveCfg = Debug|x64
		{681D95B6-D524-4130-839B-35FDD47B7060}.Debug|x64.Build.0 = Debug|x64
		{681D95B6-D524-4130-839B-35FDD47B7060}.Debug|x86.ActiveCfg = Debug|Win32
		{681D95B6-D524-4130-839B-35FDD47B7060}.Debug|x86.Build.0 = Debug|Win32
		{681D95B6-D524-4130-839B-35FDD47B7060}.Release|x64.ActiveCfg = Release|x64
		{681D95B6-D524-4130-839B-35FDD47B7060}.Release|x64.Build.0 = Release|x64
		{681D95B6-D524-4130-839B-35FDD47B7060}.Release|x86.ActiveCfg = Release|Win32
		{681D95B6-D524-4130-839B-35FDD47B7060}.Release|x86.Build.0 = Release|Win32
		{E8133E9C-1BFF-4F2F-9AD2-5EF30668A0A7}.Debug|x64.ActiveCfg = Debug|x64
		{E8133E9C-1BFF-4F2F-9AD2-5EF30668A0A7}.Debug|x64.Build.0 = Debug|x64
		{E8133E9C-1BFF-4F2F-9AD2-5EF30668A0A7}.Debug|x86.ActiveCfg = Debug|Win32
		{E8133E9C-1BFF-4F2F-9AD2-5EF30668A0A7}.Debug|x86.Build.0 = Debug|Win32
		{E8133E9C-1BFF-4F2F-9AD2-5EF30668A0A7}.Release|x64.ActiveCfg = Release|x64
		{E8133E9C-1BFF-4F2F-9AD2-5EF30668A0A7}.Release|x64.Build.0 = Release|x64
		{E8133E9C-1BFF-4F2F-9AD2-5EF30668A0A7}.Release|x86.ActiveCfg = Release|Win32
		{E8133E9C-1BFF-4F2F-9AD2-5EF30668A0A7}.Release|x86.Build.0 = Release|Win32
		{406F162C-D9B1-411E-BDDA-447185869E8B}.Debug|x64.ActiveCfg = Debug|x64
		{406F162C-D9B1-411E-BDDA-447185869E8B}.Debug|x64.Build.0 = Debug|x64
		{406F162C-D9B1-411E-BDDA-447185869E8B}.Debug|x86.ActiveCfg = Debug|Win32
		{406F162C-D9B1-411E-BDDA-447185869E8B}.Debug|x86.Build.0 = Debug|Win32
		{406F162C-D9B1-411E-BDDA-447185869E8B}.Release|x64.ActiveCfg = Release|x64
		{406F162C-D9B1-411E-BDDA-447185869E8B}.Release|x64.Build.0 = Release|x64
		{406F162C-D9B1-411E-BDDA-447185869E8B}.Release|x86.ActiveCfg = Release|Win32
		{406F162C-D9B1-411E-BDDA-447185869E8B}.Release|x86.Build.0 = Release|Win32
		{E038B329-F4D8-4915-AFEB-ED65834C39C8}.Debug|x64.ActiveCfg = Debug|x64
		{E038B329-F4D8-4915-AFEB-ED65834C39C8}.Debug|x64.Build.0 = Debug|x64
		{E038B329-F4D8-4915-AFEB-ED65834C39C8}.Debug|x86.ActiveCfg = Debug|Win32
		{E038B329-F4D8-4915-AFEB-ED65834C39C8}.Debug|x86.Build.0 = Debug|Win32
		{E038B329-F4D8-4915-AFEB-ED65834C39C8}.Release|x64.ActiveCfg = Release|x64
		{E038B329-F4D8-4915-AFEB-ED65834C39C8}.Release|x64.Build.0 = Release|x64
		{E038B329-F4D8-4915-AFEB-ED65834C39C8}.Release|x86.ActiveCfg = Release|Win32
		{E038B329-F4D8-4915-AFEB-ED65834C39C8}.Release|x86.Build.0 = Release|Win32
		{1F42DD59-463C-4372-94B9-D354A8863E4B}.Debug|x64.ActiveCfg = Debug|x64
		{1F42DD59-463C-4372-94B9-D354A8863E4B}.Debug|x64.Build.0 = Debug|x64
		{1F42DD59-463C-4372-94B9-D354A8863E4B}.Debug|x86.ActiveCfg = Debug|Win32
		{1F42DD59-463C-4372-94B9-D354A8863E4B}.Debug|x86.Build.0 = Debug|Win32
		{1F42DD59-463C-4372-94B9-D354A8863E4B}.Release|x64.ActiveCfg = Release|x64
		{1F42DD59-463C-4372-94B9-D354A8863E4B}.Release|x64.Build.0 = Release|x64
		{1F42DD59-463C-4372-94B9-D354A8863E4B}.Release|x86.ActiveCfg = Release|Win32
		{1F42DD59-463C-4372-94B9-D354A8863E4B}.Release|x86.Build.0 = Release|Win32
		{CB1A791C-69AF-4BDD-A38D-AFFCACE45DD6}.Debug|x64.ActiveCfg = Debug|x64
		{CB1A791C-69AF-4BDD-A38D-AFFCACE45DD6}.Debug|x64.Build.0 = Debug|x64
		{CB1A791C-69AF-4BDD-A38D-AFFCACE45DD6}.Debug|x86.ActiveCfg = Debug|Win32
		{CB1A791C-69AF-4BDD-A38D-AFFCACE45DD6}.Debug|x86.Build.0 = Debug|Win32
		{CB1A791C-69AF-4BDD-A38D-AFFCACE45DD6}.Release|x64.ActiveCfg = Release|x64
		{CB1A791C-69AF-4BDD-A38D-AFFCACE45DD6}.Release|x64.Build.0 = Release|x64
		{CB1A791C-69AF-4BDD-A38D-AFFCACE45DD6}.Release|x86.ActiveCfg = Release|Win32
		{CB1A791C-69AF-4BDD-A38D-AFFCACE45DD6}.Release|x86.Build.0 = Release|Win32
		{C7A55710-B6CD-471B-BAB7-0DBCA58120C4}.Debug|x64.ActiveCfg = Debug|x64
		{C7A55710-B6CD-471B-BAB7-0DBCA58120C4}.Debug|x64.Build.0 = Debug|x64
		{C7A55710-B6CD-471B-BAB7-0DBCA58120C4}.Debug|x86.ActiveCfg = Debug|Win32
		{C7A55710-B6CD-471B-BAB7-0DBCA58120C4}.Debug|x86.Build.0 = Debug|Win32
		{C7A55710-B6CD-471B-BAB7-0DBCA58120C4}.Release|x64.ActiveCfg = Release|x64
		{C7A55710-B6CD-471B-BAB7-0DBCA58120C4}.Release|x64.Build.0 = Release|x64
		{C7A55710-B6CD-471B-BAB7-0DBCA58120C4}.Release|x86.ActiveCfg = Release|Win32
		{C7A55710-B6CD-471B-BAB7-0DBCA58120C4}.Release|x86.Build.0 = Release|Win32
		{1D6E29C5-3081-4447-8CC9-BD8ED30032EA}.Debug|x64.ActiveCfg = Debug|x64
		{1D6E29C5-3081-4447-8CC9-BD8ED30032EA}.Debug|x64.Build.0 = Debug|x64
		{1D6E29C5-3081-4447-8CC9-BD8ED30032EA}.Debug|x86.ActiveCfg = Debug|Win32
		{1D6E29C5-3081-4447-8CC9-BD8ED30032EA}.Debug|x86.Build.0 = Debug|Win32
		{1D6E29C5-3081-4447-8CC9-BD8ED30032EA}.Release|x64.ActiveCfg = Release|x64
		{1D6E29C5-3081-4447-8CC9-BD8ED30032EA}.Release|x64.Build.0 = Release|x64
		{1D6E29C5-3081-4447-8CC9-BD8ED30032EA}.Release|x86.ActiveCfg = Release|Win32
		{1D6E29C5-3081-4447-8CC9-BD8ED30032EA}.Release|x86.Build.0 = Release|Win32
		{51E576CC-6C38-4EDA-9F2B-0B90A0319C1B}.Debug|x64.ActiveCfg = Debug|x64
		{51E576CC-6C38-4EDA-9F2B-0B90A0319C1B}.Debug|x64.Build.0 = Debug|x64
		{51E576CC-6C38-4EDA-9F2B-0B90A0319C1B}.Debug|x86.ActiveCfg = Debug|Win32
		{51E576CC-6C38-4EDA-9F2B-0B90A0319C1B}.Debug|x86.Build.0 = Debug|Win32
		{51E576CC-6C38-4EDA-9F2B-0B90A0319C1B}.Release|x64.ActiveCfg = Release|x64
		{51E576CC-6C38-4EDA-9F2B-0B90A0319C1B}.Release|x64.Build.0 = Release|x64
		{51E576CC-6C38-4EDA-9F2B-0B90A0319C1B}.Release|x86.ActiveCfg = Release|Win32
		{51E576CC-6C38-4EDA-9F2B-0B90A0319C1B}.Release|x86.Build.0 = Release|Win32
	EndGlobalSection
	GlobalSection(SolutionProperties) = preSolution
		HideSolutionNode = FALSE
	EndGlobalSection
	GlobalSection(ExtensibilityGlobals) = postSolution
		SolutionGuid = {98FA5CAA-127D-4A8E-928B-DE8056538261}
	EndGlobalSection
EndGlobal
